# This file is automatically @generated by Cargo.
# It is not intended for manual editing.
version = 4

[[package]]
name = "zcore-constants"
version = "3.3.0"

[[package]]
name = "zcore-drivers"
version = "3.3.0"
dependencies = [
 "zcore-constants",
 "zcore-types",
]

[[package]]
name = "zcore-types"
version = "3.3.0"

[[package]]
name = "zinc-kernel"
version = "3.3.0"
dependencies = [
 "zcore-constants",
 "zcore-drivers",
 "zcore-types",
]
