# This file is automatically @generated by Cargo.
# It is not intended for manual editing.
version = 4

[[package]]
name = "zcore-drivers"
version = "3.1.0"
dependencies = [
 "zcore-types",
]

[[package]]
name = "zcore-types"
version = "3.1.0"

[[package]]
name = "zcore-util"
version = "3.1.0"

[[package]]
name = "zinc-kernel"
version = "3.1.0"
dependencies = [
 "zcore-drivers",
 "zcore-types",
 "zcore-util",
]
