# This file is automatically @generated by Cargo.
# It is not intended for manual editing.
version = 4

[[package]]
name = "brass"
version = "4.0.2"
dependencies = [
 "zcore-constants",
 "zcore-drivers",
 "zcore-fs",
]

[[package]]
name = "zcore-constants"
version = "4.0.2"

[[package]]
name = "zcore-drivers"
version = "4.0.2"
dependencies = [
 "zcore-constants",
 "zcore-types",
]

[[package]]
name = "zcore-fs"
version = "0.1.0"
dependencies = [
 "zcore-drivers",
]

[[package]]
name = "zcore-memory"
version = "4.0.2"

[[package]]
name = "zcore-types"
version = "4.0.2"

[[package]]
name = "zinc-kernel"
version = "4.0.2"
dependencies = [
 "brass",
 "zcore-constants",
 "zcore-drivers",
 "zcore-fs",
 "zcore-memory",
 "zcore-types",
]
